
Microsoft Visual Studio Solution File, Format Version 12.00
# Visual Studio Version 17
VisualStudioVersion = 17.9.34622.214
MinimumVisualStudioVersion = 10.0.40219.1
Project("{FAE04EC0-301F-11D3-BF4B-00C04F79EFBC}") = "Pilha_Aula", "Pilha_Aula\Pilha_Aula.csproj", "{C121F035-DA0F-4DC7-A947-20875B28D72F}"
EndProject
Global
	GlobalSection(SolutionConfigurationPlatforms) = preSolution
		Debug|Any CPU = Debug|Any CPU
		Release|Any CPU = Release|Any CPU
	EndGlobalSection
	GlobalSection(ProjectConfigurationPlatforms) = postSolution
		{C121F035-DA0F-4DC7-A947-20875B28D72F}.Debug|Any CPU.ActiveCfg = Debug|Any CPU
		{C121F035-DA0F-4DC7-A947-20875B28D72F}.Debug|Any CPU.Build.0 = Debug|Any CPU
		{C121F035-DA0F-4DC7-A947-20875B28D72F}.Release|Any CPU.ActiveCfg = Release|Any CPU
		{C121F035-DA0F-4DC7-A947-20875B28D72F}.Release|Any CPU.Build.0 = Release|Any CPU
	EndGlobalSection
	GlobalSection(SolutionProperties) = preSolution
		HideSolutionNode = FALSE
	EndGlobalSection
	GlobalSection(ExtensibilityGlobals) = postSolution
		SolutionGuid = {27E32F78-6C25-4CCC-B7AA-DF92729CB699}
	EndGlobalSection
EndGlobal
